
Microsoft Visual Studio Solution File, Format Version 12.00
# Visual Studio Version 17
VisualStudioVersion = 17.10.35027.167
MinimumVisualStudioVersion = 10.0.40219.1
Project("{FAE04EC0-301F-11D3-BF4B-00C04F79EFBC}") = "Snake Game", "Snake Game\Snake Game.csproj", "{0CF8F067-4D72-4D72-B70A-F2FA65D7C8C9}"
EndProject
Global
	GlobalSection(SolutionConfigurationPlatforms) = preSolution
		Debug|Any CPU = Debug|Any CPU
		Release|Any CPU = Release|Any CPU
	EndGlobalSection
	GlobalSection(ProjectConfigurationPlatforms) = postSolution
		{0CF8F067-4D72-4D72-B70A-F2FA65D7C8C9}.Debug|Any CPU.ActiveCfg = Debug|Any CPU
		{0CF8F067-4D72-4D72-B70A-F2FA65D7C8C9}.Debug|Any CPU.Build.0 = Debug|Any CPU
		{0CF8F067-4D72-4D72-B70A-F2FA65D7C8C9}.Release|Any CPU.ActiveCfg = Release|Any CPU
		{0CF8F067-4D72-4D72-B70A-F2FA65D7C8C9}.Release|Any CPU.Build.0 = Release|Any CPU
	EndGlobalSection
	GlobalSection(SolutionProperties) = preSolution
		HideSolutionNode = FALSE
	EndGlobalSection
	GlobalSection(ExtensibilityGlobals) = postSolution
		SolutionGuid = {3C1678F8-B2AF-49C8-ACE3-2C5DBA5E8883}
	EndGlobalSection
EndGlobal
